
Microsoft Visual Studio Solution File, Format Version 12.00
# Visual Studio Version 17
VisualStudioVersion = 17.0.31903.59
MinimumVisualStudioVersion = 10.0.40219.1
Project("{2150E333-8FDC-42A3-9474-1A3956D46DE8}") = "1.Client", "1.Client", "{A06F109B-3F16-492C-9093-84982044943E}"
EndProject
Project("{2150E333-8FDC-42A3-9474-1A3956D46DE8}") = "2.Backend", "2.Backend", "{0E5E0462-A895-46C3-9FB1-72A1C199FABD}"
EndProject
Project("{2150E333-8FDC-42A3-9474-1A3956D46DE8}") = "4.DB", "4.DB", "{35466285-D66D-4133-A04F-1EDE8E0C06EC}"
	ProjectSection(SolutionItems) = preProject
		DB_Creation.sql = DB_Creation.sql
	EndProjectSection
EndProject
Project("{2150E333-8FDC-42A3-9474-1A3956D46DE8}") = "Domain", "Domain", "{FE9914D6-7492-43CD-90EA-CCD294C1BF2D}"
EndProject
Project("{2150E333-8FDC-42A3-9474-1A3956D46DE8}") = "API", "API", "{8041073F-4F57-4706-B7A2-2C5E36411EB1}"
EndProject
Project("{2150E333-8FDC-42A3-9474-1A3956D46DE8}") = "Infrastructure", "Infrastructure", "{F8AE8310-7105-489D-948D-F31F01775B3A}"
EndProject
Project("{2150E333-8FDC-42A3-9474-1A3956D46DE8}") = "3.Common", "3.Common", "{350F4441-B52E-48B8-9ABD-B4D7BD3EC109}"
EndProject
Project("{FAE04EC0-301F-11D3-BF4B-00C04F79EFBC}") = "KometSales.Common.Entities", "KometSales.Common.Entities\KometSales.Common.Entities.csproj", "{63D10B01-8517-45F1-A36A-9D2997B991AD}"
EndProject
Project("{FAE04EC0-301F-11D3-BF4B-00C04F79EFBC}") = "KometSales.Domain", "KometSales.Domain\KometSales.Domain.csproj", "{512AC92D-1956-4276-9EFA-1326D0DEE690}"
EndProject
Project("{2150E333-8FDC-42A3-9474-1A3956D46DE8}") = "Application", "Application", "{132CA76B-A14E-48E6-B867-31F0E17669E9}"
EndProject
Project("{FAE04EC0-301F-11D3-BF4B-00C04F79EFBC}") = "KometSales.Ifrastructure", "KometSales.Ifrastructure\KometSales.Ifrastructure.csproj", "{D5BF4A8A-CA82-4B92-AAF3-B1619C37AD1D}"
EndProject
Project("{FAE04EC0-301F-11D3-BF4B-00C04F79EFBC}") = "KometSales.Application", "KometSales.Application\KometSales.Application.csproj", "{4AA1B47C-2959-4CF2-9873-167C93F6B91C}"
EndProject
Project("{FAE04EC0-301F-11D3-BF4B-00C04F79EFBC}") = "KometSales.Api", "KometSales.Api\KometSales.Api.csproj", "{3CDE8076-D53B-46C6-86B8-A9087EF8006F}"
EndProject
Project("{FAE04EC0-301F-11D3-BF4B-00C04F79EFBC}") = "KometSales.Web", "KometSales.Web\KometSales.Web.csproj", "{85FC8280-48CD-4E38-BB1E-9D32DCF00664}"
EndProject
Project("{FAE04EC0-301F-11D3-BF4B-00C04F79EFBC}") = "KometSales.Administrator", "KometSales.Administrator\KometSales.Administrator.csproj", "{EB93C95B-60F0-4B54-B51F-E386F1B9BD30}"
EndProject
Project("{FAE04EC0-301F-11D3-BF4B-00C04F79EFBC}") = "KometSales.Common", "KometSales.Common\KometSales.Common.csproj", "{86133E5B-084B-45EA-8031-A7533F217D5F}"
EndProject
Global
	GlobalSection(SolutionConfigurationPlatforms) = preSolution
		Debug|Any CPU = Debug|Any CPU
		Release|Any CPU = Release|Any CPU
	EndGlobalSection
	GlobalSection(ProjectConfigurationPlatforms) = postSolution
		{63D10B01-8517-45F1-A36A-9D2997B991AD}.Debug|Any CPU.ActiveCfg = Debug|Any CPU
		{63D10B01-8517-45F1-A36A-9D2997B991AD}.Debug|Any CPU.Build.0 = Debug|Any CPU
		{63D10B01-8517-45F1-A36A-9D2997B991AD}.Release|Any CPU.ActiveCfg = Release|Any CPU
		{63D10B01-8517-45F1-A36A-9D2997B991AD}.Release|Any CPU.Build.0 = Release|Any CPU
		{512AC92D-1956-4276-9EFA-1326D0DEE690}.Debug|Any CPU.ActiveCfg = Debug|Any CPU
		{512AC92D-1956-4276-9EFA-1326D0DEE690}.Debug|Any CPU.Build.0 = Debug|Any CPU
		{512AC92D-1956-4276-9EFA-1326D0DEE690}.Release|Any CPU.ActiveCfg = Release|Any CPU
		{512AC92D-1956-4276-9EFA-1326D0DEE690}.Release|Any CPU.Build.0 = Release|Any CPU
		{D5BF4A8A-CA82-4B92-AAF3-B1619C37AD1D}.Debug|Any CPU.ActiveCfg = Debug|Any CPU
		{D5BF4A8A-CA82-4B92-AAF3-B1619C37AD1D}.Debug|Any CPU.Build.0 = Debug|Any CPU
		{D5BF4A8A-CA82-4B92-AAF3-B1619C37AD1D}.Release|Any CPU.ActiveCfg = Release|Any CPU
		{D5BF4A8A-CA82-4B92-AAF3-B1619C37AD1D}.Release|Any CPU.Build.0 = Release|Any CPU
		{4AA1B47C-2959-4CF2-9873-167C93F6B91C}.Debug|Any CPU.ActiveCfg = Debug|Any CPU
		{4AA1B47C-2959-4CF2-9873-167C93F6B91C}.Debug|Any CPU.Build.0 = Debug|Any CPU
		{4AA1B47C-2959-4CF2-9873-167C93F6B91C}.Release|Any CPU.ActiveCfg = Release|Any CPU
		{4AA1B47C-2959-4CF2-9873-167C93F6B91C}.Release|Any CPU.Build.0 = Release|Any CPU
		{3CDE8076-D53B-46C6-86B8-A9087EF8006F}.Debug|Any CPU.ActiveCfg = Debug|Any CPU
		{3CDE8076-D53B-46C6-86B8-A9087EF8006F}.Debug|Any CPU.Build.0 = Debug|Any CPU
		{3CDE8076-D53B-46C6-86B8-A9087EF8006F}.Release|Any CPU.ActiveCfg = Release|Any CPU
		{3CDE8076-D53B-46C6-86B8-A9087EF8006F}.Release|Any CPU.Build.0 = Release|Any CPU
		{85FC8280-48CD-4E38-BB1E-9D32DCF00664}.Debug|Any CPU.ActiveCfg = Debug|Any CPU
		{85FC8280-48CD-4E38-BB1E-9D32DCF00664}.Debug|Any CPU.Build.0 = Debug|Any CPU
		{85FC8280-48CD-4E38-BB1E-9D32DCF00664}.Release|Any CPU.ActiveCfg = Release|Any CPU
		{85FC8280-48CD-4E38-BB1E-9D32DCF00664}.Release|Any CPU.Build.0 = Release|Any CPU
		{EB93C95B-60F0-4B54-B51F-E386F1B9BD30}.Debug|Any CPU.ActiveCfg = Debug|Any CPU
		{EB93C95B-60F0-4B54-B51F-E386F1B9BD30}.Debug|Any CPU.Build.0 = Debug|Any CPU
		{EB93C95B-60F0-4B54-B51F-E386F1B9BD30}.Release|Any CPU.ActiveCfg = Release|Any CPU
		{EB93C95B-60F0-4B54-B51F-E386F1B9BD30}.Release|Any CPU.Build.0 = Release|Any CPU
		{86133E5B-084B-45EA-8031-A7533F217D5F}.Debug|Any CPU.ActiveCfg = Debug|Any CPU
		{86133E5B-084B-45EA-8031-A7533F217D5F}.Debug|Any CPU.Build.0 = Debug|Any CPU
		{86133E5B-084B-45EA-8031-A7533F217D5F}.Release|Any CPU.ActiveCfg = Release|Any CPU
		{86133E5B-084B-45EA-8031-A7533F217D5F}.Release|Any CPU.Build.0 = Release|Any CPU
	EndGlobalSection
	GlobalSection(SolutionProperties) = preSolution
		HideSolutionNode = FALSE
	EndGlobalSection
	GlobalSection(NestedProjects) = preSolution
		{FE9914D6-7492-43CD-90EA-CCD294C1BF2D} = {0E5E0462-A895-46C3-9FB1-72A1C199FABD}
		{8041073F-4F57-4706-B7A2-2C5E36411EB1} = {0E5E0462-A895-46C3-9FB1-72A1C199FABD}
		{F8AE8310-7105-489D-948D-F31F01775B3A} = {0E5E0462-A895-46C3-9FB1-72A1C199FABD}
		{63D10B01-8517-45F1-A36A-9D2997B991AD} = {350F4441-B52E-48B8-9ABD-B4D7BD3EC109}
		{512AC92D-1956-4276-9EFA-1326D0DEE690} = {FE9914D6-7492-43CD-90EA-CCD294C1BF2D}
		{132CA76B-A14E-48E6-B867-31F0E17669E9} = {0E5E0462-A895-46C3-9FB1-72A1C199FABD}
		{D5BF4A8A-CA82-4B92-AAF3-B1619C37AD1D} = {F8AE8310-7105-489D-948D-F31F01775B3A}
		{4AA1B47C-2959-4CF2-9873-167C93F6B91C} = {132CA76B-A14E-48E6-B867-31F0E17669E9}
		{3CDE8076-D53B-46C6-86B8-A9087EF8006F} = {8041073F-4F57-4706-B7A2-2C5E36411EB1}
		{85FC8280-48CD-4E38-BB1E-9D32DCF00664} = {A06F109B-3F16-492C-9093-84982044943E}
		{EB93C95B-60F0-4B54-B51F-E386F1B9BD30} = {A06F109B-3F16-492C-9093-84982044943E}
		{86133E5B-084B-45EA-8031-A7533F217D5F} = {350F4441-B52E-48B8-9ABD-B4D7BD3EC109}
	EndGlobalSection
	GlobalSection(ExtensibilityGlobals) = postSolution
		SolutionGuid = {16FDB62D-5D1D-402E-8E2E-D06D47008C6C}
	EndGlobalSection
EndGlobal
